
Microsoft Visual Studio Solution File, Format Version 12.00
# Visual Studio Version 17
VisualStudioVersion = 17.10.34804.81
MinimumVisualStudioVersion = 10.0.40219.1
Project("{9A19103F-16F7-4668-BE54-9A1E7A4F7556}") = "final_qualifying_work", "final_qualifying_work.csproj", "{C4F6184B-EE96-493F-AD21-383B10B46F53}"
EndProject
Global
	GlobalSection(SolutionConfigurationPlatforms) = preSolution
		Debug|Any CPU = Debug|Any CPU
		Release|Any CPU = Release|Any CPU
	EndGlobalSection
	GlobalSection(ProjectConfigurationPlatforms) = postSolution
		{C4F6184B-EE96-493F-AD21-383B10B46F53}.Debug|Any CPU.ActiveCfg = Debug|Any CPU
		{C4F6184B-EE96-493F-AD21-383B10B46F53}.Debug|Any CPU.Build.0 = Debug|Any CPU
		{C4F6184B-EE96-493F-AD21-383B10B46F53}.Release|Any CPU.ActiveCfg = Release|Any CPU
		{C4F6184B-EE96-493F-AD21-383B10B46F53}.Release|Any CPU.Build.0 = Release|Any CPU
	EndGlobalSection
	GlobalSection(SolutionProperties) = preSolution
		HideSolutionNode = FALSE
	EndGlobalSection
	GlobalSection(ExtensibilityGlobals) = postSolution
		SolutionGuid = {940E4989-FE9B-4942-BE22-25F0728807E9}
	EndGlobalSection
EndGlobal
